lockfileVersion: '6.0'

settings:
  autoInstallPeers: true
  excludeLinksFromLockfile: false

dependencies:
  '@swc/helpers':
    specifier: ^0.4.14
    version: 0.4.14
  ktx-parse:
    specifier: ^0.6.0
    version: 0.6.0

devDependencies:
  '@rollup/plugin-node-resolve':
    specifier: ^15.0.1
    version: 15.0.1(rollup@3.17.2)
  '@swc/core':
    specifier: ^1.3.35
    version: 1.3.35
  prettier:
    specifier: ^2.3.1
    version: 2.8.4
  rollup:
    specifier: ^3
    version: 3.17.2
  rollup-plugin-swc3:
    specifier: ^0.8.0
    version: 0.8.0(@swc/core@1.3.35)(rollup@3.17.2)
  typedoc:
    specifier: ^0.24.8
    version: 0.24.8(typescript@5.0.2)
  typedoc-plugin-markdown:
    specifier: ^3.14.0
    version: 3.14.0(typedoc@0.24.8)
  typescript:
    specifier: ^5
    version: 5.0.2
  vite:
    specifier: ^4
    version: 4.1.3

packages:

  /@esbuild/android-arm64@0.16.17:
    resolution: {integrity: sha512-MIGl6p5sc3RDTLLkYL1MyL8BMRN4tLMRCn+yRJJmEDvYZ2M7tmAf80hx1kbNEUX2KJ50RRtxZ4JHLvCfuB6kBg==, tarball: https://registry.npm.alibaba-inc.com/@esbuild/android-arm64/download/@esbuild/android-arm64-0.16.17.tgz}
    engines: {node: '>=12'}
    cpu: [arm64]
    os: [android]
    requiresBuild: true
    dev: true
    optional: true

  /@esbuild/android-arm@0.16.17:
    resolution: {integrity: sha512-N9x1CMXVhtWEAMS7pNNONyA14f71VPQN9Cnavj1XQh6T7bskqiLLrSca4O0Vr8Wdcga943eThxnVp3JLnBMYtw==, tarball: https://registry.npm.alibaba-inc.com/@esbuild/android-arm/download/@esbuild/android-arm-0.16.17.tgz}
    engines: {node: '>=12'}
    cpu: [arm]
    os: [android]
    requiresBuild: true
    dev: true
    optional: true

  /@esbuild/android-x64@0.16.17:
    resolution: {integrity: sha512-a3kTv3m0Ghh4z1DaFEuEDfz3OLONKuFvI4Xqczqx4BqLyuFaFkuaG4j2MtA6fuWEFeC5x9IvqnX7drmRq/fyAQ==, tarball: https://registry.npm.alibaba-inc.com/@esbuild/android-x64/download/@esbuild/android-x64-0.16.17.tgz}
    engines: {node: '>=12'}
    cpu: [x64]
    os: [android]
    requiresBuild: true
    dev: true
    optional: true

  /@esbuild/darwin-arm64@0.16.17:
    resolution: {integrity: sha512-/2agbUEfmxWHi9ARTX6OQ/KgXnOWfsNlTeLcoV7HSuSTv63E4DqtAc+2XqGw1KHxKMHGZgbVCZge7HXWX9Vn+w==, tarball: https://registry.npm.alibaba-inc.com/@esbuild/darwin-arm64/download/@esbuild/darwin-arm64-0.16.17.tgz}
    engines: {node: '>=12'}
    cpu: [arm64]
    os: [darwin]
    requiresBuild: true
    dev: true
    optional: true

  /@esbuild/darwin-x64@0.16.17:
    resolution: {integrity: sha512-2By45OBHulkd9Svy5IOCZt376Aa2oOkiE9QWUK9fe6Tb+WDr8hXL3dpqi+DeLiMed8tVXspzsTAvd0jUl96wmg==, tarball: https://registry.npm.alibaba-inc.com/@esbuild/darwin-x64/download/@esbuild/darwin-x64-0.16.17.tgz}
    engines: {node: '>=12'}
    cpu: [x64]
    os: [darwin]
    requiresBuild: true
    dev: true
    optional: true

  /@esbuild/freebsd-arm64@0.16.17:
    resolution: {integrity: sha512-mt+cxZe1tVx489VTb4mBAOo2aKSnJ33L9fr25JXpqQqzbUIw/yzIzi+NHwAXK2qYV1lEFp4OoVeThGjUbmWmdw==, tarball: https://registry.npm.alibaba-inc.com/@esbuild/freebsd-arm64/download/@esbuild/freebsd-arm64-0.16.17.tgz}
    engines: {node: '>=12'}
    cpu: [arm64]
    os: [freebsd]
    requiresBuild: true
    dev: true
    optional: true

  /@esbuild/freebsd-x64@0.16.17:
    resolution: {integrity: sha512-8ScTdNJl5idAKjH8zGAsN7RuWcyHG3BAvMNpKOBaqqR7EbUhhVHOqXRdL7oZvz8WNHL2pr5+eIT5c65kA6NHug==, tarball: https://registry.npm.alibaba-inc.com/@esbuild/freebsd-x64/download/@esbuild/freebsd-x64-0.16.17.tgz}
    engines: {node: '>=12'}
    cpu: [x64]
    os: [freebsd]
    requiresBuild: true
    dev: true
    optional: true

  /@esbuild/linux-arm64@0.16.17:
    resolution: {integrity: sha512-7S8gJnSlqKGVJunnMCrXHU9Q8Q/tQIxk/xL8BqAP64wchPCTzuM6W3Ra8cIa1HIflAvDnNOt2jaL17vaW+1V0g==, tarball: https://registry.npm.alibaba-inc.com/@esbuild/linux-arm64/download/@esbuild/linux-arm64-0.16.17.tgz}
    engines: {node: '>=12'}
    cpu: [arm64]
    os: [linux]
    requiresBuild: true
    dev: true
    optional: true

  /@esbuild/linux-arm@0.16.17:
    resolution: {integrity: sha512-iihzrWbD4gIT7j3caMzKb/RsFFHCwqqbrbH9SqUSRrdXkXaygSZCZg1FybsZz57Ju7N/SHEgPyaR0LZ8Zbe9gQ==, tarball: https://registry.npm.alibaba-inc.com/@esbuild/linux-arm/download/@esbuild/linux-arm-0.16.17.tgz}
    engines: {node: '>=12'}
    cpu: [arm]
    os: [linux]
    requiresBuild: true
    dev: true
    optional: true

  /@esbuild/linux-ia32@0.16.17:
    resolution: {integrity: sha512-kiX69+wcPAdgl3Lonh1VI7MBr16nktEvOfViszBSxygRQqSpzv7BffMKRPMFwzeJGPxcio0pdD3kYQGpqQ2SSg==, tarball: https://registry.npm.alibaba-inc.com/@esbuild/linux-ia32/download/@esbuild/linux-ia32-0.16.17.tgz}
    engines: {node: '>=12'}
    cpu: [ia32]
    os: [linux]
    requiresBuild: true
    dev: true
    optional: true

  /@esbuild/linux-loong64@0.16.17:
    resolution: {integrity: sha512-dTzNnQwembNDhd654cA4QhbS9uDdXC3TKqMJjgOWsC0yNCbpzfWoXdZvp0mY7HU6nzk5E0zpRGGx3qoQg8T2DQ==, tarball: https://registry.npm.alibaba-inc.com/@esbuild/linux-loong64/download/@esbuild/linux-loong64-0.16.17.tgz}
    engines: {node: '>=12'}
    cpu: [loong64]
    os: [linux]
    requiresBuild: true
    dev: true
    optional: true

  /@esbuild/linux-mips64el@0.16.17:
    resolution: {integrity: sha512-ezbDkp2nDl0PfIUn0CsQ30kxfcLTlcx4Foz2kYv8qdC6ia2oX5Q3E/8m6lq84Dj/6b0FrkgD582fJMIfHhJfSw==, tarball: https://registry.npm.alibaba-inc.com/@esbuild/linux-mips64el/download/@esbuild/linux-mips64el-0.16.17.tgz}
    engines: {node: '>=12'}
    cpu: [mips64el]
    os: [linux]
    requiresBuild: true
    dev: true
    optional: true

  /@esbuild/linux-ppc64@0.16.17:
    resolution: {integrity: sha512-dzS678gYD1lJsW73zrFhDApLVdM3cUF2MvAa1D8K8KtcSKdLBPP4zZSLy6LFZ0jYqQdQ29bjAHJDgz0rVbLB3g==, tarball: https://registry.npm.alibaba-inc.com/@esbuild/linux-ppc64/download/@esbuild/linux-ppc64-0.16.17.tgz}
    engines: {node: '>=12'}
    cpu: [ppc64]
    os: [linux]
    requiresBuild: true
    dev: true
    optional: true

  /@esbuild/linux-riscv64@0.16.17:
    resolution: {integrity: sha512-ylNlVsxuFjZK8DQtNUwiMskh6nT0vI7kYl/4fZgV1llP5d6+HIeL/vmmm3jpuoo8+NuXjQVZxmKuhDApK0/cKw==, tarball: https://registry.npm.alibaba-inc.com/@esbuild/linux-riscv64/download/@esbuild/linux-riscv64-0.16.17.tgz}
    engines: {node: '>=12'}
    cpu: [riscv64]
    os: [linux]
    requiresBuild: true
    dev: true
    optional: true

  /@esbuild/linux-s390x@0.16.17:
    resolution: {integrity: sha512-gzy7nUTO4UA4oZ2wAMXPNBGTzZFP7mss3aKR2hH+/4UUkCOyqmjXiKpzGrY2TlEUhbbejzXVKKGazYcQTZWA/w==, tarball: https://registry.npm.alibaba-inc.com/@esbuild/linux-s390x/download/@esbuild/linux-s390x-0.16.17.tgz}
    engines: {node: '>=12'}
    cpu: [s390x]
    os: [linux]
    requiresBuild: true
    dev: true
    optional: true

  /@esbuild/linux-x64@0.16.17:
    resolution: {integrity: sha512-mdPjPxfnmoqhgpiEArqi4egmBAMYvaObgn4poorpUaqmvzzbvqbowRllQ+ZgzGVMGKaPkqUmPDOOFQRUFDmeUw==, tarball: https://registry.npm.alibaba-inc.com/@esbuild/linux-x64/download/@esbuild/linux-x64-0.16.17.tgz}
    engines: {node: '>=12'}
    cpu: [x64]
    os: [linux]
    requiresBuild: true
    dev: true
    optional: true

  /@esbuild/netbsd-x64@0.16.17:
    resolution: {integrity: sha512-/PzmzD/zyAeTUsduZa32bn0ORug+Jd1EGGAUJvqfeixoEISYpGnAezN6lnJoskauoai0Jrs+XSyvDhppCPoKOA==, tarball: https://registry.npm.alibaba-inc.com/@esbuild/netbsd-x64/download/@esbuild/netbsd-x64-0.16.17.tgz}
    engines: {node: '>=12'}
    cpu: [x64]
    os: [netbsd]
    requiresBuild: true
    dev: true
    optional: true

  /@esbuild/openbsd-x64@0.16.17:
    resolution: {integrity: sha512-2yaWJhvxGEz2RiftSk0UObqJa/b+rIAjnODJgv2GbGGpRwAfpgzyrg1WLK8rqA24mfZa9GvpjLcBBg8JHkoodg==, tarball: https://registry.npm.alibaba-inc.com/@esbuild/openbsd-x64/download/@esbuild/openbsd-x64-0.16.17.tgz}
    engines: {node: '>=12'}
    cpu: [x64]
    os: [openbsd]
    requiresBuild: true
    dev: true
    optional: true

  /@esbuild/sunos-x64@0.16.17:
    resolution: {integrity: sha512-xtVUiev38tN0R3g8VhRfN7Zl42YCJvyBhRKw1RJjwE1d2emWTVToPLNEQj/5Qxc6lVFATDiy6LjVHYhIPrLxzw==, tarball: https://registry.npm.alibaba-inc.com/@esbuild/sunos-x64/download/@esbuild/sunos-x64-0.16.17.tgz}
    engines: {node: '>=12'}
    cpu: [x64]
    os: [sunos]
    requiresBuild: true
    dev: true
    optional: true

  /@esbuild/win32-arm64@0.16.17:
    resolution: {integrity: sha512-ga8+JqBDHY4b6fQAmOgtJJue36scANy4l/rL97W+0wYmijhxKetzZdKOJI7olaBaMhWt8Pac2McJdZLxXWUEQw==, tarball: https://registry.npm.alibaba-inc.com/@esbuild/win32-arm64/download/@esbuild/win32-arm64-0.16.17.tgz}
    engines: {node: '>=12'}
    cpu: [arm64]
    os: [win32]
    requiresBuild: true
    dev: true
    optional: true

  /@esbuild/win32-ia32@0.16.17:
    resolution: {integrity: sha512-WnsKaf46uSSF/sZhwnqE4L/F89AYNMiD4YtEcYekBt9Q7nj0DiId2XH2Ng2PHM54qi5oPrQ8luuzGszqi/veig==, tarball: https://registry.npm.alibaba-inc.com/@esbuild/win32-ia32/download/@esbuild/win32-ia32-0.16.17.tgz}
    engines: {node: '>=12'}
    cpu: [ia32]
    os: [win32]
    requiresBuild: true
    dev: true
    optional: true

  /@esbuild/win32-x64@0.16.17:
    resolution: {integrity: sha512-y+EHuSchhL7FjHgvQL/0fnnFmO4T1bhvWANX6gcnqTjtnKWbTvUMCpGnv2+t+31d7RzyEAYAd4u2fnIhHL6N/Q==, tarball: https://registry.npm.alibaba-inc.com/@esbuild/win32-x64/download/@esbuild/win32-x64-0.16.17.tgz}
    engines: {node: '>=12'}
    cpu: [x64]
    os: [win32]
    requiresBuild: true
    dev: true
    optional: true

  /@fastify/deepmerge@1.3.0:
    resolution: {integrity: sha512-J8TOSBq3SoZbDhM9+R/u77hP93gz/rajSA+K2kGyijPpORPWUXHUpTaleoj+92As0S9uPRP7Oi8IqMf0u+ro6A==, tarball: https://registry.npm.alibaba-inc.com/@fastify/deepmerge/download/@fastify/deepmerge-1.3.0.tgz}
    dev: true

  /@rollup/plugin-node-resolve@15.0.1(rollup@3.17.2):
    resolution: {integrity: sha512-ReY88T7JhJjeRVbfCyNj+NXAG3IIsVMsX9b5/9jC98dRP8/yxlZdz7mHZbHk5zHr24wZZICS5AcXsFZAXYUQEg==, tarball: https://registry.npm.alibaba-inc.com/@rollup/plugin-node-resolve/download/@rollup/plugin-node-resolve-15.0.1.tgz}
    engines: {node: '>=14.0.0'}
    peerDependencies:
      rollup: ^2.78.0||^3.0.0
    peerDependenciesMeta:
      rollup:
        optional: true
    dependencies:
      '@rollup/pluginutils': 5.0.2(rollup@3.17.2)
      '@types/resolve': 1.20.2
      deepmerge: 4.3.0
      is-builtin-module: 3.2.1
      is-module: 1.0.0
      resolve: 1.22.1
      rollup: 3.17.2
    dev: true

  /@rollup/pluginutils@4.2.1:
    resolution: {integrity: sha512-iKnFXr7NkdZAIHiIWE+BX5ULi/ucVFYWD6TbAV+rZctiRTY2PL6tsIKhoIOaoskiWAkgu+VsbXgUVDNLHf+InQ==, tarball: https://registry.npm.alibaba-inc.com/@rollup/pluginutils/download/@rollup/pluginutils-4.2.1.tgz}
    engines: {node: '>= 8.0.0'}
    dependencies:
      estree-walker: 2.0.2
      picomatch: 2.3.1
    dev: true

  /@rollup/pluginutils@5.0.2(rollup@3.17.2):
    resolution: {integrity: sha512-pTd9rIsP92h+B6wWwFbW8RkZv4hiR/xKsqre4SIuAOaOEQRxi0lqLke9k2/7WegC85GgUs9pjmOjCUi3In4vwA==, tarball: https://registry.npm.alibaba-inc.com/@rollup/pluginutils/download/@rollup/pluginutils-5.0.2.tgz}
    engines: {node: '>=14.0.0'}
    peerDependencies:
      rollup: ^1.20.0||^2.0.0||^3.0.0
    peerDependenciesMeta:
      rollup:
        optional: true
    dependencies:
      '@types/estree': 1.0.0
      estree-walker: 2.0.2
      picomatch: 2.3.1
      rollup: 3.17.2
    dev: true

  /@swc/core-darwin-arm64@1.3.35:
    resolution: {integrity: sha512-zQUFkHx4gZpu0uo2IspvPnKsz8bsdXd5bC33xwjtoAI1cpLerDyqo4v2zIahEp+FdKZjyVsLHtfJiQiA1Qka3A==, tarball: https://registry.npm.alibaba-inc.com/@swc/core-darwin-arm64/download/@swc/core-darwin-arm64-1.3.35.tgz}
    engines: {node: '>=10'}
    cpu: [arm64]
    os: [darwin]
    requiresBuild: true
    dev: true
    optional: true

  /@swc/core-darwin-x64@1.3.35:
    resolution: {integrity: sha512-oOSkSGWtALovaw22lNevKD434OQTPf8X+dVPvPMrJXJpJ34dWDlFWpLntoc+arvKLNZ7LQmTuk8rR1hkrAY7cw==, tarball: https://registry.npm.alibaba-inc.com/@swc/core-darwin-x64/download/@swc/core-darwin-x64-1.3.35.tgz}
    engines: {node: '>=10'}
    cpu: [x64]
    os: [darwin]
    requiresBuild: true
    dev: true
    optional: true

  /@swc/core-linux-arm-gnueabihf@1.3.35:
    resolution: {integrity: sha512-Yie8k00O6O8BCATS/xeKStquV4OYSskUGRDXBQVDw1FrE23PHaSeHCgg4q6iNZjJzXCOJbaTCKnYoIDn9DMf7A==, tarball: https://registry.npm.alibaba-inc.com/@swc/core-linux-arm-gnueabihf/download/@swc/core-linux-arm-gnueabihf-1.3.35.tgz}
    engines: {node: '>=10'}
    cpu: [arm]
    os: [linux]
    requiresBuild: true
    dev: true
    optional: true

  /@swc/core-linux-arm64-gnu@1.3.35:
    resolution: {integrity: sha512-Zlv3WHa/4x2p51HSvjUWXHfSe1Gl2prqImUZJc8NZOlj75BFzVuR0auhQ+LbwvIQ3gaA1LODX9lyS9wXL3yjxA==, tarball: https://registry.npm.alibaba-inc.com/@swc/core-linux-arm64-gnu/download/@swc/core-linux-arm64-gnu-1.3.35.tgz}
    engines: {node: '>=10'}
    cpu: [arm64]
    os: [linux]
    libc: [glibc]
    requiresBuild: true
    dev: true
    optional: true

  /@swc/core-linux-arm64-musl@1.3.35:
    resolution: {integrity: sha512-u6tCYsrSyZ8U+4jLMA/O82veBfLy2aUpn51WxQaeH7wqZGy9TGSJXoO8vWxARQ6b72vjsnKDJHP4MD8hFwcctg==, tarball: https://registry.npm.alibaba-inc.com/@swc/core-linux-arm64-musl/download/@swc/core-linux-arm64-musl-1.3.35.tgz}
    engines: {node: '>=10'}
    cpu: [arm64]
    os: [linux]
    libc: [musl]
    requiresBuild: true
    dev: true
    optional: true

  /@swc/core-linux-x64-gnu@1.3.35:
    resolution: {integrity: sha512-Dtxf2IbeH7XlNhP1Qt2/MvUPkpEbn7hhGfpSRs4ot8D3Vf5QEX4S/QtC1OsFWuciiYgHAT1Ybjt4xZic9DSkmA==, tarball: https://registry.npm.alibaba-inc.com/@swc/core-linux-x64-gnu/download/@swc/core-linux-x64-gnu-1.3.35.tgz}
    engines: {node: '>=10'}
    cpu: [x64]
    os: [linux]
    libc: [glibc]
    requiresBuild: true
    dev: true
    optional: true

  /@swc/core-linux-x64-musl@1.3.35:
    resolution: {integrity: sha512-4XavNJ60GprjpTiESCu5daJUnmErixPAqDitJSMu4TV32LNIE8G00S9pDLXinDTW1rgcGtQdq1NLkNRmwwovtg==, tarball: https://registry.npm.alibaba-inc.com/@swc/core-linux-x64-musl/download/@swc/core-linux-x64-musl-1.3.35.tgz}
    engines: {node: '>=10'}
    cpu: [x64]
    os: [linux]
    libc: [musl]
    requiresBuild: true
    dev: true
    optional: true

  /@swc/core-win32-arm64-msvc@1.3.35:
    resolution: {integrity: sha512-dNGfKCUSX2M4qVyaS80Lyos0FkXyHRCvrdQ2Y4Hrg3FVokiuw3yY6fLohpUfQ5ws3n2A39dh7jGDeh34+l0sGA==, tarball: https://registry.npm.alibaba-inc.com/@swc/core-win32-arm64-msvc/download/@swc/core-win32-arm64-msvc-1.3.35.tgz}
    engines: {node: '>=10'}
    cpu: [arm64]
    os: [win32]
    requiresBuild: true
    dev: true
    optional: true

  /@swc/core-win32-ia32-msvc@1.3.35:
    resolution: {integrity: sha512-ChuPSrDR+JBf7S7dEKPicnG8A3bM0uWPsW2vG+V2wH4iNfNxKVemESHosmYVeEZXqMpomNMvLyeHep1rjRsc0Q==, tarball: https://registry.npm.alibaba-inc.com/@swc/core-win32-ia32-msvc/download/@swc/core-win32-ia32-msvc-1.3.35.tgz}
    engines: {node: '>=10'}
    cpu: [ia32]
    os: [win32]
    requiresBuild: true
    dev: true
    optional: true

  /@swc/core-win32-x64-msvc@1.3.35:
    resolution: {integrity: sha512-/RvphT4WfuGfIK84Ha0dovdPrKB1bW/mc+dtdmhv2E3EGkNc5FoueNwYmXWRimxnU7X0X7IkcRhyKB4G5DeAmg==, tarball: https://registry.npm.alibaba-inc.com/@swc/core-win32-x64-msvc/download/@swc/core-win32-x64-msvc-1.3.35.tgz}
    engines: {node: '>=10'}
    cpu: [x64]
    os: [win32]
    requiresBuild: true
    dev: true
    optional: true

  /@swc/core@1.3.35:
    resolution: {integrity: sha512-KmiBin0XSVzJhzX19zTiCqmLslZ40Cl7zqskJcTDeIrRhfgKdiAsxzYUanJgMJIRjYtl9Kcg1V/Ip2o2wL8v3w==, tarball: https://registry.npm.alibaba-inc.com/@swc/core/download/@swc/core-1.3.35.tgz}
    engines: {node: '>=10'}
    requiresBuild: true
    optionalDependencies:
      '@swc/core-darwin-arm64': 1.3.35
      '@swc/core-darwin-x64': 1.3.35
      '@swc/core-linux-arm-gnueabihf': 1.3.35
      '@swc/core-linux-arm64-gnu': 1.3.35
      '@swc/core-linux-arm64-musl': 1.3.35
      '@swc/core-linux-x64-gnu': 1.3.35
      '@swc/core-linux-x64-musl': 1.3.35
      '@swc/core-win32-arm64-msvc': 1.3.35
      '@swc/core-win32-ia32-msvc': 1.3.35
      '@swc/core-win32-x64-msvc': 1.3.35
    dev: true

  /@swc/helpers@0.4.14:
    resolution: {integrity: sha512-4C7nX/dvpzB7za4Ql9K81xK3HPxCpHMgwTZVyf+9JQ6VUbn9jjZVN7/Nkdz/Ugzs2CSjqnL/UPXroiVBVHUWUw==, tarball: https://registry.npm.alibaba-inc.com/@swc/helpers/download/@swc/helpers-0.4.14.tgz}
    dependencies:
      tslib: 2.5.0
    dev: false

  /@types/estree@1.0.0:
    resolution: {integrity: sha512-WulqXMDUTYAXCjZnk6JtIHPigp55cVtDgDrO2gHRwhyJto21+1zbVCtOYB2L1F9w4qCQ0rOGWBnBe0FNTiEJIQ==, tarball: https://registry.npm.alibaba-inc.com/@types/estree/download/@types/estree-1.0.0.tgz}
    dev: true

  /@types/resolve@1.20.2:
    resolution: {integrity: sha512-60BCwRFOZCQhDncwQdxxeOEEkbc5dIMccYLwbxsS4TUNeVECQ/pBJ0j09mrHOl/JJvpRPGwO9SvE4nR2Nb/a4Q==, tarball: https://registry.npm.alibaba-inc.com/@types/resolve/download/@types/resolve-1.20.2.tgz}
    dev: true

  /ansi-sequence-parser@1.1.0:
    resolution: {integrity: sha512-lEm8mt52to2fT8GhciPCGeCXACSz2UwIN4X2e2LJSnZ5uAbn2/dsYdOmUXq0AtWS5cpAupysIneExOgH0Vd2TQ==, tarball: https://registry.npm.alibaba-inc.com/ansi-sequence-parser/download/ansi-sequence-parser-1.1.0.tgz}
    dev: true

  /balanced-match@1.0.2:
    resolution: {integrity: sha1-6D46fj8wCzTLnYf2FfoMvzV2kO4=, tarball: https://registry.npm.alibaba-inc.com/balanced-match/download/balanced-match-1.0.2.tgz}
    dev: true

  /brace-expansion@2.0.1:
    resolution: {integrity: sha1-HtxFng8MVISG7Pn8mfIiE2S5oK4=, tarball: https://registry.npm.alibaba-inc.com/brace-expansion/download/brace-expansion-2.0.1.tgz}
    dependencies:
      balanced-match: 1.0.2
    dev: true

  /builtin-modules@3.3.0:
    resolution: {integrity: sha512-zhaCDicdLuWN5UbN5IMnFqNMhNfo919sH85y2/ea+5Yg9TsTkeZxpL+JLbp6cgYFS4sRLp3YV4S6yDuqVWHYOw==, tarball: https://registry.npm.alibaba-inc.com/builtin-modules/download/builtin-modules-3.3.0.tgz}
    engines: {node: '>=6'}
    dev: true

  /deepmerge@4.3.0:
    resolution: {integrity: sha512-z2wJZXrmeHdvYJp/Ux55wIjqo81G5Bp4c+oELTW+7ar6SogWHajt5a9gO3s3IDaGSAXjDk0vlQKN3rms8ab3og==, tarball: https://registry.npm.alibaba-inc.com/deepmerge/download/deepmerge-4.3.0.tgz}
    engines: {node: '>=0.10.0'}
    dev: true

  /esbuild@0.16.17:
    resolution: {integrity: sha512-G8LEkV0XzDMNwXKgM0Jwu3nY3lSTwSGY6XbxM9cr9+s0T/qSV1q1JVPBGzm3dcjhCic9+emZDmMffkwgPeOeLg==, tarball: https://registry.npm.alibaba-inc.com/esbuild/download/esbuild-0.16.17.tgz}
    engines: {node: '>=12'}
    hasBin: true
    requiresBuild: true
    optionalDependencies:
      '@esbuild/android-arm': 0.16.17
      '@esbuild/android-arm64': 0.16.17
      '@esbuild/android-x64': 0.16.17
      '@esbuild/darwin-arm64': 0.16.17
      '@esbuild/darwin-x64': 0.16.17
      '@esbuild/freebsd-arm64': 0.16.17
      '@esbuild/freebsd-x64': 0.16.17
      '@esbuild/linux-arm': 0.16.17
      '@esbuild/linux-arm64': 0.16.17
      '@esbuild/linux-ia32': 0.16.17
      '@esbuild/linux-loong64': 0.16.17
      '@esbuild/linux-mips64el': 0.16.17
      '@esbuild/linux-ppc64': 0.16.17
      '@esbuild/linux-riscv64': 0.16.17
      '@esbuild/linux-s390x': 0.16.17
      '@esbuild/linux-x64': 0.16.17
      '@esbuild/netbsd-x64': 0.16.17
      '@esbuild/openbsd-x64': 0.16.17
      '@esbuild/sunos-x64': 0.16.17
      '@esbuild/win32-arm64': 0.16.17
      '@esbuild/win32-ia32': 0.16.17
      '@esbuild/win32-x64': 0.16.17
    dev: true

  /estree-walker@2.0.2:
    resolution: {integrity: sha1-UvAQF4wqTBF6d1fP6UKtt9LaTKw=, tarball: https://registry.npm.alibaba-inc.com/estree-walker/download/estree-walker-2.0.2.tgz}
    dev: true

  /fsevents@2.3.2:
    resolution: {integrity: sha1-ilJveLj99GI7cJ4Ll1xSwkwC/Ro=, tarball: https://registry.npm.alibaba-inc.com/fsevents/download/fsevents-2.3.2.tgz}
    engines: {node: ^8.16.0 || ^10.6.0 || >=11.0.0}
    os: [darwin]
    requiresBuild: true
    dev: true
    optional: true

  /function-bind@1.1.1:
    resolution: {integrity: sha1-pWiZ0+o8m6uHS7l3O3xe3pL0iV0=, tarball: https://registry.npm.alibaba-inc.com/function-bind/download/function-bind-1.1.1.tgz}
    dev: true

  /get-tsconfig@4.4.0:
    resolution: {integrity: sha512-0Gdjo/9+FzsYhXCEFueo2aY1z1tpXrxWZzP7k8ul9qt1U5o8rYJwTJYmaeHdrVosYIVYkOy2iwCJ9FdpocJhPQ==, tarball: https://registry.npm.alibaba-inc.com/get-tsconfig/download/get-tsconfig-4.4.0.tgz}
    dev: true

  /handlebars@4.7.7:
    resolution: {integrity: sha1-nOM0FqrQLb1sj6+oJA1dmABJRaE=, tarball: https://registry.npm.alibaba-inc.com/handlebars/download/handlebars-4.7.7.tgz}
    engines: {node: '>=0.4.7'}
    hasBin: true
    dependencies:
      minimist: 1.2.8
      neo-async: 2.6.2
      source-map: 0.6.1
      wordwrap: 1.0.0
    optionalDependencies:
      uglify-js: 3.17.4
    dev: true

  /has@1.0.3:
    resolution: {integrity: sha1-ci18v8H2qoJB8W3YFOAR4fQeh5Y=, tarball: https://registry.npm.alibaba-inc.com/has/download/has-1.0.3.tgz}
    engines: {node: '>= 0.4.0'}
    dependencies:
      function-bind: 1.1.1
    dev: true

  /is-builtin-module@3.2.1:
    resolution: {integrity: sha512-BSLE3HnV2syZ0FK0iMA/yUGplUeMmNz4AW5fnTunbCIqZi4vG3WjJT9FHMy5D69xmAYBHXQhJdALdpwVxV501A==, tarball: https://registry.npm.alibaba-inc.com/is-builtin-module/download/is-builtin-module-3.2.1.tgz}
    engines: {node: '>=6'}
    dependencies:
      builtin-modules: 3.3.0
    dev: true

  /is-core-module@2.11.0:
    resolution: {integrity: sha512-RRjxlvLDkD1YJwDbroBHMb+cukurkDWNyHx7D3oNB5x9rb5ogcksMC5wHCadcXoo67gVr/+3GFySh3134zi6rw==, tarball: https://registry.npm.alibaba-inc.com/is-core-module/download/is-core-module-2.11.0.tgz}
    dependencies:
      has: 1.0.3
    dev: true

  /is-module@1.0.0:
    resolution: {integrity: sha1-Mlj7afeMFNW4FdZkM2tM/7ZEFZE=, tarball: https://registry.npm.alibaba-inc.com/is-module/download/is-module-1.0.0.tgz}
    dev: true

  /jsonc-parser@3.2.0:
    resolution: {integrity: sha512-gfFQZrcTc8CnKXp6Y4/CBT3fTc0OVuDofpre4aEeEpSBPV5X5v4+Vmx+8snU7RLPrNHPKSgLxGo9YuQzz20o+w==, tarball: https://registry.npm.alibaba-inc.com/jsonc-parser/download/jsonc-parser-3.2.0.tgz}
    dev: true

  /ktx-parse@0.6.0:
    resolution: {integrity: sha512-hYOJUI86N9+YPm0M3t8hVzW9t5FnFFibRalZCrqHs/qM2eNziqQzBtAaF0ErgkXm8F+5uE8CjPUYr32vWlXLkQ==, tarball: https://registry.npm.alibaba-inc.com/ktx-parse/download/ktx-parse-0.6.0.tgz}
    dev: false

  /lunr@2.3.9:
    resolution: {integrity: sha1-GLEjFCgyM33W6WTfGlp3B7JdNeE=, tarball: https://registry.npm.alibaba-inc.com/lunr/download/lunr-2.3.9.tgz}
    dev: true

  /marked@4.3.0:
    resolution: {integrity: sha512-PRsaiG84bK+AMvxziE/lCFss8juXjNaWzVbN5tXAm4XjeaS9NAHhop+PjQxz2A9h8Q4M/xGmzP8vqNwy6JeK0A==, tarball: https://registry.npm.alibaba-inc.com/marked/download/marked-4.3.0.tgz}
    engines: {node: '>= 12'}
    hasBin: true
    dev: true

  /minimatch@9.0.3:
    resolution: {integrity: sha512-RHiac9mvaRw0x3AYRgDC1CxAP7HTcNrrECeA8YYJeWnpo+2Q5CegtZjaotWTWxDG3UeGA1coE05iH1mPjT/2mg==, tarball: https://registry.npm.alibaba-inc.com/minimatch/download/minimatch-9.0.3.tgz}
    engines: {node: '>=16 || 14 >=14.17'}
    dependencies:
      brace-expansion: 2.0.1
    dev: true

  /minimist@1.2.8:
    resolution: {integrity: sha512-2yyAR8qBkN3YuheJanUpWC5U3bb5osDywNB8RzDVlDwDHbocAJveqqj1u8+SVD7jkWT4yvsHCpWqqWqAxb0zCA==, tarball: https://registry.npm.alibaba-inc.com/minimist/download/minimist-1.2.8.tgz}
    dev: true

  /nanoid@3.3.4:
    resolution: {integrity: sha512-MqBkQh/OHTS2egovRtLk45wEyNXwF+cokD+1YPf9u5VfJiRdAiRwB2froX5Co9Rh20xs4siNPm8naNotSD6RBw==, tarball: https://registry.npm.alibaba-inc.com/nanoid/download/nanoid-3.3.4.tgz}
    engines: {node: ^10 || ^12 || ^13.7 || ^14 || >=15.0.1}
    hasBin: true
    dev: true

  /neo-async@2.6.2:
    resolution: {integrity: sha1-tKr7k+OustgXTKU88WOrfXMIMF8=, tarball: https://registry.npm.alibaba-inc.com/neo-async/download/neo-async-2.6.2.tgz}
    dev: true

  /path-parse@1.0.7:
    resolution: {integrity: sha1-+8EUtgykKzDZ2vWFjkvWi77bZzU=, tarball: https://registry.npm.alibaba-inc.com/path-parse/download/path-parse-1.0.7.tgz}
    dev: true

  /picocolors@1.0.0:
    resolution: {integrity: sha1-y1vcdP8/UYkiNur3nWi8RFZKuBw=, tarball: https://registry.npm.alibaba-inc.com/picocolors/download/picocolors-1.0.0.tgz}
    dev: true

  /picomatch@2.3.1:
    resolution: {integrity: sha512-JU3teHTNjmE2VCGFzuY8EXzCDVwEqB2a8fsIvwaStHhAWJEeVd1o1QD80CU6+ZdEXXSLbSsuLwJjkCBWqRQUVA==, tarball: https://registry.npm.alibaba-inc.com/picomatch/download/picomatch-2.3.1.tgz}
    engines: {node: '>=8.6'}
    dev: true

  /postcss@8.4.21:
    resolution: {integrity: sha512-tP7u/Sn/dVxK2NnruI4H9BG+x+Wxz6oeZ1cJ8P6G/PZY0IKk4k/63TDsQf2kQq3+qoJeLm2kIBUNlZe3zgb4Zg==, tarball: https://registry.npm.alibaba-inc.com/postcss/download/postcss-8.4.21.tgz}
    engines: {node: ^10 || ^12 || >=14}
    dependencies:
      nanoid: 3.3.4
      picocolors: 1.0.0
      source-map-js: 1.0.2
    dev: true

  /prettier@2.8.4:
    resolution: {integrity: sha512-vIS4Rlc2FNh0BySk3Wkd6xmwxB0FpOndW5fisM5H8hsZSxU2VWVB5CWIkIjWvrHjIhxk2g3bfMKM87zNTrZddw==, tarball: https://registry.npm.alibaba-inc.com/prettier/download/prettier-2.8.4.tgz}
    engines: {node: '>=10.13.0'}
    hasBin: true
    dev: true

  /resolve@1.22.1:
    resolution: {integrity: sha512-nBpuuYuY5jFsli/JIs1oldw6fOQCBioohqWZg/2hiaOybXOft4lonv85uDOKXdf8rhyK159cxU5cDcK/NKk8zw==, tarball: https://registry.npm.alibaba-inc.com/resolve/download/resolve-1.22.1.tgz}
    hasBin: true
    dependencies:
      is-core-module: 2.11.0
      path-parse: 1.0.7
      supports-preserve-symlinks-flag: 1.0.0
    dev: true

  /rollup-plugin-swc3@0.8.0(@swc/core@1.3.35)(rollup@3.17.2):
    resolution: {integrity: sha512-IJapqORpU4NgSJHaFvbTcUe4WQPzgE6v8Suu95ZO4Qw1VwGRcuurvSCuYX1fIzR+DLVlZH4zq/T6uqbmw3Bzxw==, tarball: https://registry.npm.alibaba-inc.com/rollup-plugin-swc3/download/rollup-plugin-swc3-0.8.0.tgz}
    engines: {node: '>=12'}
    peerDependencies:
      '@swc/core': '>=1.2.165'
      rollup: ^2.0.0 || ^3.0.0
    dependencies:
      '@fastify/deepmerge': 1.3.0
      '@rollup/pluginutils': 4.2.1
      '@swc/core': 1.3.35
      get-tsconfig: 4.4.0
      rollup: 3.17.2
    dev: true

  /rollup@3.17.2:
    resolution: {integrity: sha512-qMNZdlQPCkWodrAZ3qnJtvCAl4vpQ8q77uEujVCCbC/6CLB7Lcmvjq7HyiOSnf4fxTT9XgsE36oLHJBH49xjqA==, tarball: https://registry.npm.alibaba-inc.com/rollup/download/rollup-3.17.2.tgz}
    engines: {node: '>=14.18.0', npm: '>=8.0.0'}
    hasBin: true
    optionalDependencies:
      fsevents: 2.3.2
    dev: true

  /shiki@0.14.1:
    resolution: {integrity: sha512-+Jz4nBkCBe0mEDqo1eKRcCdjRtrCjozmcbTUjbPTX7OOJfEbTZzlUWlZtGe3Gb5oV1/jnojhG//YZc3rs9zSEw==, tarball: https://registry.npm.alibaba-inc.com/shiki/download/shiki-0.14.1.tgz}
    dependencies:
      ansi-sequence-parser: 1.1.0
      jsonc-parser: 3.2.0
      vscode-oniguruma: 1.7.0
      vscode-textmate: 8.0.0
    dev: true

  /source-map-js@1.0.2:
    resolution: {integrity: sha512-R0XvVJ9WusLiqTCEiGCmICCMplcCkIwwR11mOSD9CR5u+IXYdiseeEuXCVAjS54zqwkLcPNnmU4OeJ6tUrWhDw==, tarball: https://registry.npm.alibaba-inc.com/source-map-js/download/source-map-js-1.0.2.tgz}
    engines: {node: '>=0.10.0'}
    dev: true

  /source-map@0.6.1:
    resolution: {integrity: sha1-dHIq8y6WFOnCh6jQu95IteLxomM=, tarball: https://registry.npm.alibaba-inc.com/source-map/download/source-map-0.6.1.tgz}
    engines: {node: '>=0.10.0'}
    dev: true

  /supports-preserve-symlinks-flag@1.0.0:
    resolution: {integrity: sha512-ot0WnXS9fgdkgIcePe6RHNk1WA8+muPa6cSjeR3V8K27q9BB1rTE3R1p7Hv0z1ZyAc8s6Vvv8DIyWf681MAt0w==, tarball: https://registry.npm.alibaba-inc.com/supports-preserve-symlinks-flag/download/supports-preserve-symlinks-flag-1.0.0.tgz}
    engines: {node: '>= 0.4'}
    dev: true

  /tslib@2.5.0:
    resolution: {integrity: sha512-336iVw3rtn2BUK7ORdIAHTyxHGRIHVReokCR3XjbckJMK7ms8FysBfhLR8IXnAgy7T0PTPNBWKiH514FOW/WSg==, tarball: https://registry.npm.alibaba-inc.com/tslib/download/tslib-2.5.0.tgz}
    dev: false

  /typedoc-plugin-markdown@3.14.0(typedoc@0.24.8):
    resolution: {integrity: sha512-UyQLkLRkfTFhLdhSf3RRpA3nNInGn+k6sll2vRXjflaMNwQAAiB61SYbisNZTg16t4K1dt1bPQMMGLrxS0GZ0Q==, tarball: https://registry.npm.alibaba-inc.com/typedoc-plugin-markdown/download/typedoc-plugin-markdown-3.14.0.tgz}
    peerDependencies:
      typedoc: '>=0.23.0'
    dependencies:
      handlebars: 4.7.7
      typedoc: 0.24.8(typescript@5.0.2)
    dev: true

  /typedoc@0.24.8(typescript@5.0.2):
    resolution: {integrity: sha512-ahJ6Cpcvxwaxfu4KtjA8qZNqS43wYt6JL27wYiIgl1vd38WW/KWX11YuAeZhuz9v+ttrutSsgK+XO1CjL1kA3w==, tarball: https://registry.npm.alibaba-inc.com/typedoc/download/typedoc-0.24.8.tgz}
    engines: {node: '>= 14.14'}
    hasBin: true
    peerDependencies:
      typescript: 4.6.x || 4.7.x || 4.8.x || 4.9.x || 5.0.x || 5.1.x
    dependencies:
      lunr: 2.3.9
      marked: 4.3.0
      minimatch: 9.0.3
      shiki: 0.14.1
      typescript: 5.0.2
    dev: true

  /typescript@5.0.2:
    resolution: {integrity: sha512-wVORMBGO/FAs/++blGNeAVdbNKtIh1rbBL2EyQ1+J9lClJ93KiiKe8PmFIVdXhHcyv44SL9oglmfeSsndo0jRw==, tarball: https://registry.npm.alibaba-inc.com/typescript/download/typescript-5.0.2.tgz}
    engines: {node: '>=12.20'}
    hasBin: true
    dev: true

  /uglify-js@3.17.4:
    resolution: {integrity: sha512-T9q82TJI9e/C1TAxYvfb16xO120tMVFZrGA3f9/P4424DNu6ypK103y0GPFVa17yotwSyZW5iYXgjYHkGrJW/g==, tarball: https://registry.npm.alibaba-inc.com/uglify-js/download/uglify-js-3.17.4.tgz}
    engines: {node: '>=0.8.0'}
    hasBin: true
    requiresBuild: true
    dev: true
    optional: true

  /vite@4.1.3:
    resolution: {integrity: sha512-0Zqo4/Fr/swSOBmbl+HAAhOjrqNwju+yTtoe4hQX9UsARdcuc9njyOdr6xU0DDnV7YP0RT6mgTTOiRtZgxfCxA==, tarball: https://registry.npm.alibaba-inc.com/vite/download/vite-4.1.3.tgz}
    engines: {node: ^14.18.0 || >=16.0.0}
    hasBin: true
    peerDependencies:
      '@types/node': '>= 14'
      less: '*'
      sass: '*'
      stylus: '*'
      sugarss: '*'
      terser: ^5.4.0
    peerDependenciesMeta:
      '@types/node':
        optional: true
      less:
        optional: true
      sass:
        optional: true
      stylus:
        optional: true
      sugarss:
        optional: true
      terser:
        optional: true
    dependencies:
      esbuild: 0.16.17
      postcss: 8.4.21
      resolve: 1.22.1
      rollup: 3.17.2
    optionalDependencies:
      fsevents: 2.3.2
    dev: true

  /vscode-oniguruma@1.7.0:
    resolution: {integrity: sha512-L9WMGRfrjOhgHSdOYgCt/yRMsXzLDJSL7BPrOZt73gU0iWO4mpqzqQzOz5srxqTvMBaR0XZTSrVWo4j55Rc6cA==, tarball: https://registry.npm.alibaba-inc.com/vscode-oniguruma/download/vscode-oniguruma-1.7.0.tgz}
    dev: true

  /vscode-textmate@8.0.0:
    resolution: {integrity: sha512-AFbieoL7a5LMqcnOF04ji+rpXadgOXnZsxQr//r83kLPr7biP7am3g9zbaZIaBGwBRWeSvoMD4mgPdX3e4NWBg==, tarball: https://registry.npm.alibaba-inc.com/vscode-textmate/download/vscode-textmate-8.0.0.tgz}
    dev: true

  /wordwrap@1.0.0:
    resolution: {integrity: sha1-J1hIEIkUVqQXHI0CJkQa3pDLyus=, tarball: https://registry.npm.alibaba-inc.com/wordwrap/download/wordwrap-1.0.0.tgz}
    dev: true
